
Microsoft Visual Studio Solution File, Format Version 12.00
# Visual Studio Version 17
VisualStudioVersion = 17.7.34202.233
MinimumVisualStudioVersion = 10.0.40219.1
Project("{9A19103F-16F7-4668-BE54-9A1E7A4F7556}") = "TCG-Scraper", "ScrapeCardData\TCG-Scraper.csproj", "{1E204933-59E6-4962-A6C1-EDC27F8C0DE5}"
EndProject
Global
	GlobalSection(SolutionConfigurationPlatforms) = preSolution
		Debug|Any CPU = Debug|Any CPU
		Release|Any CPU = Release|Any CPU
	EndGlobalSection
	GlobalSection(ProjectConfigurationPlatforms) = postSolution
		{1E204933-59E6-4962-A6C1-EDC27F8C0DE5}.Debug|Any CPU.ActiveCfg = Debug|Any CPU
		{1E204933-59E6-4962-A6C1-EDC27F8C0DE5}.Debug|Any CPU.Build.0 = Debug|Any CPU
		{1E204933-59E6-4962-A6C1-EDC27F8C0DE5}.Release|Any CPU.ActiveCfg = Release|Any CPU
		{1E204933-59E6-4962-A6C1-EDC27F8C0DE5}.Release|Any CPU.Build.0 = Release|Any CPU
	EndGlobalSection
	GlobalSection(SolutionProperties) = preSolution
		HideSolutionNode = FALSE
	EndGlobalSection
	GlobalSection(ExtensibilityGlobals) = postSolution
		SolutionGuid = {95DB97D0-BBCC-4718-8B44-09D910D4C466}
	EndGlobalSection
EndGlobal
